{
  "meteor": {},
  "dependencies": {
    "basePackages": {
      "bootstrap-3": {},
      "presence": {},
      "cron-tick": {}
    },
    "packages": {
      "bootstrap-3": {
        "git": "https://github.com/mangasocial/meteor-bootstrap-3.git",
        "tag": "v3.1.1-1",
        "commit": "63dd38968828bb8963636df93e9a1c45e2dfe67e"
      },
      "presence": {
        "git": "https://github.com/dburles/meteor-presence.git",
        "tag": "v0.4.3",
        "commit": "8bfcae844195ff5681a123cb4302af9e719663ac"
      },
      "cron-tick": {
        "git": "https://github.com/tmeasday/meteor-cron.git",
        "tag": "v0.0.4",
        "commit": "44cff9116af510fe53704fdeeff57c444ceb75ba"
      }
    }
  }
}
